Microsoft Visual Studio Solution File, Format Version 1.00
Project("{73393D18-DAC4-11D1-88FC-0000F8064EBB}") = "BarUtils", "BarUtils.wip", "{1563734A-E116-4D9B-A615-45DD2156D564}"
EndProject
Project("{73393D18-DAC4-11D1-88FC-0000F8064EBB}") = "TickfileUtils", "TickfileUtils.wip", "{2A9B4D41-4CA5-47CC-928D-610C4BF0D1A6}"
EndProject
Project("{73393D18-DAC4-11D1-88FC-0000F8064EBB}") = "HistDataUtils", "HistDataUtils.wip", "{6B0D374C-B3CE-4C45-9E04-4E56C880D7AE}"
EndProject
Project("{73393D18-DAC4-11D1-88FC-0000F8064EBB}") = "TradingDbApi", "TradingDbApi.wip", "{B3F67639-3D23-43B0-B973-3BC9285370C7}"
EndProject
Project("{73393D18-DAC4-11D1-88FC-0000F8064EBB}") = "MktDataUtils", "MarketDataUtils.wip", "{B27180BD-8DD3-45DF-BABF-F1172B8D5429}"
EndProject
Project("{73393D18-DAC4-11D1-88FC-0000F8064EBB}") = "OrderUtils", "OrderUtils.wip", "{3A793E60-DB03-4443-BB89-8268B05E05DC}"
EndProject
Project("{73393D18-DAC4-11D1-88FC-0000F8064EBB}") = "TickerUtils", "TickerUtils.wip", "{7A50B080-1306-48EA-9D00-E9FE11164CF3}"
EndProject
Project("{73393D18-DAC4-11D1-88FC-0000F8064EBB}") = "TradingUI", "TradingUI.wip", "{777EB76E-6BA2-47E5-BB04-D9D7C8A82F3B}"
EndProject
Project("{73393D18-DAC4-11D1-88FC-0000F8064EBB}") = "IBAPI964", "IBAPI.wip", "{C5219F27-67FD-4424-8801-11F807283E80}"
EndProject
Project("{73393D18-DAC4-11D1-88FC-0000F8064EBB}") = "IBENHAPI", "IBEnhancedAPI.wip", "{F0931F90-5D77-436E-91AB-3225DEE1653C}"
EndProject
Project("{73393D18-DAC4-11D1-88FC-0000F8064EBB}") = "SessionUtils", "SessionUtils.wip", "{DF01B2A3-FCC7-442C-B558-300D29293AAF}"
EndProject
Project("{73393D18-DAC4-11D1-88FC-0000F8064EBB}") = "ContractUtils", "ContractUtils.wip", "{D68D2FD9-7B80-4F10-8DE8-0F8AC493DD4D}"
EndProject
Project("{73393D18-DAC4-11D1-88FC-0000F8064EBB}") = "TickUtils", "TickUtils.wip", "{274611C2-EF86-4826-ACB1-96345AA5D58E}"
EndProject
Project("{73393D18-DAC4-11D1-88FC-0000F8064EBB}") = "StudyUtils", "StudyUtils.wip", "{69D9F6CE-8CDB-4324-9DAA-FCF7E9BCC90D}"
EndProject
Project("{73393D18-DAC4-11D1-88FC-0000F8064EBB}") = "TradingDO", "TradingDO.wip", "{5DC110A5-6739-4C8C-BC1F-4D5519ED1914}"
EndProject
Project("{73393D18-DAC4-11D1-88FC-0000F8064EBB}") = "TimeframeUtils", "TimeframeUtils.wip", "{1CDE49E7-2C77-4CA5-932A-D4AB08816840}"
EndProject
Project("{73393D18-DAC4-11D1-88FC-0000F8064EBB}") = "ChartSkil", "ChartSkil.wip", "{2E93B572-BFFF-4E24-A0CE-5895E124120C}"
EndProject
Project("{73393D18-DAC4-11D1-88FC-0000F8064EBB}") = "BarFormatters", "BarFormatters.wip", "{EE0B7F3D-A79D-4884-BD91-35A7C77B14F5}"
EndProject
Project("{73393D18-DAC4-11D1-88FC-0000F8064EBB}") = "ChartUtils", "ChartUtils.wip", "{ED6DC71F-51A0-4437-AAFB-9488DE3F8924}"
EndProject
Project("{73393D18-DAC4-11D1-88FC-0000F8064EBB}") = "ChartTools", "ChartTools.wip", "{5431FED1-3884-4653-839E-584A86662943}"
EndProject
Project("{73393D18-DAC4-11D1-88FC-0000F8064EBB}") = "StudiesUI", "StudiesUI.wip", "{3839E537-D1F3-4C8C-A62A-F40FCF61AEDC}"
EndProject
Project("{73393D18-DAC4-11D1-88FC-0000F8064EBB}") = "CommonStudiesLib", "CommonStudiesLib.wip", "{6C5E4731-192F-488C-AEB4-4B10217EC985}"
EndProject
Project("{73393D18-DAC4-11D1-88FC-0000F8064EBB}") = "TradeBuild", "TradeBuild.wip", "{0D0A13EB-877E-4858-A1C2-5DDF4C72C6DF}"
EndProject
Project("{73393D18-DAC4-11D1-88FC-0000F8064EBB}") = "ConfigUtils", "ConfigUtils.wip", "{6A2E7649-9ED1-45B2-A486-CC50FF0CC4A7}"
EndProject
Project("{73393D18-DAC4-11D1-88FC-0000F8064EBB}") = "TradeBuildUI", "TradeBuildUI.wip", "{4AA40E57-7286-414B-9347-E9667F9CD806}"
EndProject
Project("{73393D18-DAC4-11D1-88FC-0000F8064EBB}") = "TBDataCollector", "TBDataCollector.wip", "{4F3E6D57-64FE-41B7-B3C9-E1657353C8EB}"
EndProject
Project("{73393D18-DAC4-11D1-88FC-0000F8064EBB}") = "IBTWSSP", "IBTWSSP.wip", "{D0817EA8-F596-4A13-98C5-4B6607EF950F}"
EndProject
Project("{73393D18-DAC4-11D1-88FC-0000F8064EBB}") = "TBInfoBase", "TBInfoBase.wip", "{6D19832C-3089-42EC-A204-F12580BBB3D8}"
EndProject
Project("{73393D18-DAC4-11D1-88FC-0000F8064EBB}") = "TickfileSP", "TickfileSP.wip", "{3B3430D8-4881-466A-B910-17FC2038AA3F}"
EndProject
Project("{73393D18-DAC4-11D1-88FC-0000F8064EBB}") = "StudyTester", "StudyTester.wip", "{BC93C714-43DD-4019-9BB0-43A3E785215A}"
EndProject
Project("{73393D18-DAC4-11D1-88FC-0000F8064EBB}") = "TickFileManager", "TickfileManager.wip", "{D0A90313-E109-48A7-A0DF-D8C05C0CDE28}"
EndProject
Project("{73393D18-DAC4-11D1-88FC-0000F8064EBB}") = "TradeSkil Demo", "TradeSkilDemo.wip", "{664157D9-EB35-47C8-9A55-50FB5BDF9847}"
EndProject
Project("{73393D18-DAC4-11D1-88FC-0000F8064EBB}") = "CommandLineUtilities", "CommandLineUtilities.wip", "{E2DA6342-02A5-4710-8E92-06A0251D8542}"
EndProject
Project("{73393D18-DAC4-11D1-88FC-0000F8064EBB}") = "TradeBuildInstaller", "TradeBuildInstaller.wip", "{315007C1-0F03-4378-9E5F-A015E1EA8F35}"
EndProject
Project("{73393D18-DAC4-11D1-88FC-0000F8064EBB}") = "DataCollector", "DataCollector.wip", "{06965226-36E8-460D-B999-4DB1941DC612}"
EndProject
Project("{73393D18-DAC4-11D1-88FC-0000F8064EBB}") = "ChartDemo", "ChartDemo.wip", "{DA905E2D-CA7A-4BE7-A4EE-5221C908E21F}"
EndProject
Project("{73393D18-DAC4-11D1-88FC-0000F8064EBB}") = "WorkspaceUtils", "WorkspaceUtils.wip", "{5C9F8B2E-0383-4742-A4B7-195C79AA4EEF}"
EndProject
Global
	GlobalSection(LocalDeployment) = postSolution
		StartupProject = {00000000-0000-0000-0000-000000000000}
	EndGlobalSection
	GlobalSection(BuildOrder) = postSolution
		0 = {DF01B2A3-FCC7-442C-B558-300D29293AAF}
		1 = {D68D2FD9-7B80-4F10-8DE8-0F8AC493DD4D}
		2 = {274611C2-EF86-4826-ACB1-96345AA5D58E}
		3 = {1563734A-E116-4D9B-A615-45DD2156D564}
		4 = {69D9F6CE-8CDB-4324-9DAA-FCF7E9BCC90D}
		5 = {2A9B4D41-4CA5-47CC-928D-610C4BF0D1A6}
		6 = {6B0D374C-B3CE-4C45-9E04-4E56C880D7AE}
		7 = {5DC110A5-6739-4C8C-BC1F-4D5519ED1914}
		8 = {1CDE49E7-2C77-4CA5-932A-D4AB08816840}
		9 = {B3F67639-3D23-43B0-B973-3BC9285370C7}
		10 = {B27180BD-8DD3-45DF-BABF-F1172B8D5429}
		11 = {3A793E60-DB03-4443-BB89-8268B05E05DC}
		12 = {7A50B080-1306-48EA-9D00-E9FE11164CF3}
		13 = {5C9F8B2E-0383-4742-A4B7-195C79AA4EEF}
		14 = {2E93B572-BFFF-4E24-A0CE-5895E124120C}
		15 = {EE0B7F3D-A79D-4884-BD91-35A7C77B14F5}
		16 = {ED6DC71F-51A0-4437-AAFB-9488DE3F8924}
		17 = {5431FED1-3884-4653-839E-584A86662943}
		18 = {3839E537-D1F3-4C8C-A62A-F40FCF61AEDC}
		19 = {777EB76E-6BA2-47E5-BB04-D9D7C8A82F3B}
		20 = {6C5E4731-192F-488C-AEB4-4B10217EC985}
		21 = {0D0A13EB-877E-4858-A1C2-5DDF4C72C6DF}
		22 = {6A2E7649-9ED1-45B2-A486-CC50FF0CC4A7}
		23 = {4AA40E57-7286-414B-9347-E9667F9CD806}
		24 = {4F3E6D57-64FE-41B7-B3C9-E1657353C8EB}
		25 = {C5219F27-67FD-4424-8801-11F807283E80}
		26 = {F0931F90-5D77-436E-91AB-3225DEE1653C}
		27 = {D0817EA8-F596-4A13-98C5-4B6607EF950F}
		28 = {6D19832C-3089-42EC-A204-F12580BBB3D8}
		29 = {3B3430D8-4881-466A-B910-17FC2038AA3F}
		30 = {06965226-36E8-460D-B999-4DB1941DC612}
		31 = {DA905E2D-CA7A-4BE7-A4EE-5221C908E21F}
		32 = {BC93C714-43DD-4019-9BB0-43A3E785215A}
		33 = {D0A90313-E109-48A7-A0DF-D8C05C0CDE28}
		34 = {664157D9-EB35-47C8-9A55-50FB5BDF9847}
		35 = {E2DA6342-02A5-4710-8E92-06A0251D8542}
		36 = {315007C1-0F03-4378-9E5F-A015E1EA8F35}
	EndGlobalSection
	GlobalSection(SourceCodeControl) = preSolution
		SccProjectName = \u0022$/TradeBuild\u0020Platform/Setup/TradeBuildSetup2-7\u0022,\u0020MPDAAAAA
		SccAuxPath = \\\\Essy.TW.local\\Users\\rlk\\My\u0020Documents\\VSS,
		SccLocalPath = .
	EndGlobalSection
	GlobalSection(DeploymentRoot) = postSolution
	EndGlobalSection
EndGlobal
