Microsoft Visual Studio Solution File, Format Version 1.00
Project("{73393D18-DAC4-11D1-88FC-0000F8064EBB}") = "ContractUtils", "ContractUtils\ContractUtils.wip", "{7261DE11-6E1F-4F1A-B91A-03AD3FE66F36}"
EndProject
Project("{73393D18-DAC4-11D1-88FC-0000F8064EBB}") = "TimeframeUtils", "TimeframeUtils\TimeframeUtils.wip", "{C3A1EDDF-542E-432B-AED2-624C2D932B1D}"
EndProject
Project("{73393D18-DAC4-11D1-88FC-0000F8064EBB}") = "TickUtils", "TickUtils\TickUtils.wip", "{3AA8D61E-D385-4701-80F6-70BCEF4F2B54}"
EndProject
Project("{73393D18-DAC4-11D1-88FC-0000F8064EBB}") = "StudyUtils", "StudyUtils\StudyUtils.wip", "{7D4B6C8B-DE6C-476A-A86F-DD69DC2C3C27}"
EndProject
Project("{73393D18-DAC4-11D1-88FC-0000F8064EBB}") = "ChartSkil", "ChartSkil\ChartSkil.wip", "{F444BD2A-62E3-419F-B5A3-35CC8B60F9A2}"
EndProject
Project("{73393D18-DAC4-11D1-88FC-0000F8064EBB}") = "BarFormatters", "BarFormatters\BarFormatters.wip", "{2D83F612-A632-4C8B-9ADA-C2193CF6C838}"
EndProject
Project("{73393D18-DAC4-11D1-88FC-0000F8064EBB}") = "ChartUtils", "ChartUtils\ChartUtils.wip", "{D05B09EF-DFBA-4AC8-9631-268F2E63E83D}"
EndProject
Project("{73393D18-DAC4-11D1-88FC-0000F8064EBB}") = "StudiesUI", "StudiesUI\StudiesUI.wip", "{2743E41D-B021-43AD-96DA-B21AB452271C}"
EndProject
Project("{73393D18-DAC4-11D1-88FC-0000F8064EBB}") = "ChartTools", "ChartTools\ChartTools.wip", "{60F0B56A-25FD-4404-A2F5-7C2B4285F7C7}"
EndProject
Project("{73393D18-DAC4-11D1-88FC-0000F8064EBB}") = "TradingDO", "TradingDO\TradingDO.wip", "{837E9B09-5FF2-4E63-9433-821A2F913132}"
EndProject
Project("{73393D18-DAC4-11D1-88FC-0000F8064EBB}") = "CommonStudiesLib", "CommonStudiesLib\CommonStudiesLib.wip", "{AECC5501-1497-4119-991F-A86899494197}"
EndProject
Project("{73393D18-DAC4-11D1-88FC-0000F8064EBB}") = "TradeBuildSP", "TradeBuildSP\TradeBuildSP.wip", "{3BA7B34F-8D58-46B6-83AD-142FCB94261F}"
EndProject
Project("{73393D18-DAC4-11D1-88FC-0000F8064EBB}") = "TradeBuild", "TradeBuild\TradeBuild.wip", "{AEFFA069-4313-487F-983A-FCEEAB25C430}"
EndProject
Project("{73393D18-DAC4-11D1-88FC-0000F8064EBB}") = "ConfigUtils", "ConfigUtils\ConfigUtils.wip", "{E2DDF86A-DF24-4688-85BC-5C9DBC869CA2}"
EndProject
Project("{73393D18-DAC4-11D1-88FC-0000F8064EBB}") = "TradeBuildUI", "TradeBuildUI\TradeBuildUI.wip", "{52BA8187-0D4E-4F78-8C0C-9119E176DE20}"
EndProject
Project("{73393D18-DAC4-11D1-88FC-0000F8064EBB}") = "TBDataCollector", "TBDataCollector\TBDataCollector.wip", "{1F7B0E3D-3BFE-413A-9457-EF228E73175A}"
EndProject
Project("{73393D18-DAC4-11D1-88FC-0000F8064EBB}") = "IBTWSSP", "IBTWSSP\IBTWSSP.wip", "{778062A7-2524-40B7-900A-0794EB0F339B}"
EndProject
Project("{73393D18-DAC4-11D1-88FC-0000F8064EBB}") = "QuoteTrackerSP", "QuoteTrackerSP\QuoteTrackerSP.wip", "{E629207D-B606-4C2C-8A1B-D5D8E0DBDC40}"
EndProject
Project("{73393D18-DAC4-11D1-88FC-0000F8064EBB}") = "TBInfoBase", "TBInfoBase\TBInfoBase.wip", "{0919FBCF-5AF1-4B9D-8D4C-4CDB135F822B}"
EndProject
Project("{73393D18-DAC4-11D1-88FC-0000F8064EBB}") = "TickfileSP", "TickFileSP\TickFileSP.wip", "{3C801E8B-585A-4AB0-B4B1-9DBAFFCB146B}"
EndProject
Project("{73393D18-DAC4-11D1-88FC-0000F8064EBB}") = "ChartDemo", "ChartDemo\ChartDemo.wip", "{4655E045-1836-4417-B3A9-78C74AA1CDDB}"
EndProject
Project("{73393D18-DAC4-11D1-88FC-0000F8064EBB}") = "StudyTester", "StudyTester\StudyTester.wip", "{D940C3EE-4EC1-4974-BE5E-6C449C447DC7}"
EndProject
Project("{73393D18-DAC4-11D1-88FC-0000F8064EBB}") = "DataCollector", "DataCollector\DataCollector.wip", "{028C32BA-AB15-4ACE-9660-6514B6C43797}"
EndProject
Project("{73393D18-DAC4-11D1-88FC-0000F8064EBB}") = "TickFileManager", "TickfileManager\TickfileManager.wip", "{DA89F18F-5579-47A4-81B7-3ADEFDFF26DE}"
EndProject
Project("{73393D18-DAC4-11D1-88FC-0000F8064EBB}") = "TradeSkil Demo", "TradeSkilDemo\TradeSkilDemo.wip", "{42B8CB87-C3F9-41E6-AAD9-628F42807723}"
EndProject
Project("{73393D18-DAC4-11D1-88FC-0000F8064EBB}") = "CommandLineUtilities", "CommandLineUtilities\CommandLineUtilities.wip", "{72E17C2E-6921-453B-877B-DD0E2FE2869A}"
EndProject
Project("{73393D18-DAC4-11D1-88FC-0000F8064EBB}") = "TradeBuildInstaller", "TradeBuildInstaller\TradeBuildInstaller.wip", "{4079D8B0-4C63-47B4-B872-BB15CBD446DE}"
EndProject
Global
	GlobalSection(LocalDeployment) = postSolution
		StartupProject = {00000000-0000-0000-0000-000000000000}
	EndGlobalSection
	GlobalSection(BuildOrder) = postSolution
		0 = {7261DE11-6E1F-4F1A-B91A-03AD3FE66F36}
		1 = {C3A1EDDF-542E-432B-AED2-624C2D932B1D}
		2 = {3AA8D61E-D385-4701-80F6-70BCEF4F2B54}
		3 = {7D4B6C8B-DE6C-476A-A86F-DD69DC2C3C27}
		4 = {F444BD2A-62E3-419F-B5A3-35CC8B60F9A2}
		5 = {2D83F612-A632-4C8B-9ADA-C2193CF6C838}
		6 = {D05B09EF-DFBA-4AC8-9631-268F2E63E83D}
		7 = {2743E41D-B021-43AD-96DA-B21AB452271C}
		8 = {60F0B56A-25FD-4404-A2F5-7C2B4285F7C7}
		9 = {837E9B09-5FF2-4E63-9433-821A2F913132}
		10 = {AECC5501-1497-4119-991F-A86899494197}
		11 = {3BA7B34F-8D58-46B6-83AD-142FCB94261F}
		12 = {AEFFA069-4313-487F-983A-FCEEAB25C430}
		13 = {E2DDF86A-DF24-4688-85BC-5C9DBC869CA2}
		14 = {52BA8187-0D4E-4F78-8C0C-9119E176DE20}
		15 = {1F7B0E3D-3BFE-413A-9457-EF228E73175A}
		16 = {778062A7-2524-40B7-900A-0794EB0F339B}
		17 = {E629207D-B606-4C2C-8A1B-D5D8E0DBDC40}
		18 = {0919FBCF-5AF1-4B9D-8D4C-4CDB135F822B}
		19 = {3C801E8B-585A-4AB0-B4B1-9DBAFFCB146B}
		20 = {4655E045-1836-4417-B3A9-78C74AA1CDDB}
		21 = {D940C3EE-4EC1-4974-BE5E-6C449C447DC7}
		22 = {028C32BA-AB15-4ACE-9660-6514B6C43797}
		23 = {DA89F18F-5579-47A4-81B7-3ADEFDFF26DE}
		24 = {42B8CB87-C3F9-41E6-AAD9-628F42807723}
		25 = {72E17C2E-6921-453B-877B-DD0E2FE2869A}
		26 = {4079D8B0-4C63-47B4-B872-BB15CBD446DE}
	EndGlobalSection
	GlobalSection(SourceCodeControl) = preSolution
		SccProjectName = \u0022$/TradeBuild\u0020Platform/Setup/TradeBuildSetup2-7\u0022,\u0020MPDAAAAA
		SccAuxPath = \\\\delphi2000\\users\\rlk\\VSS,
		SccLocalPath = .
	EndGlobalSection
	GlobalSection(DeploymentRoot) = postSolution
	EndGlobalSection
EndGlobal
